
Microsoft Visual Studio Solution File, Format Version 12.00
# Visual Studio Version 17
VisualStudioVersion = 17.6.33801.468
MinimumVisualStudioVersion = 10.0.40219.1
Project("{FAE04EC0-301F-11D3-BF4B-00C04F79EFBC}") = "DesignPatterns.AdapterPattern", "DesignPatterns.AdapterPattern\DesignPatterns.AdapterPattern.csproj", "{C9041705-587F-4704-B797-72B3CC89CA3C}"
EndProject
Project("{FAE04EC0-301F-11D3-BF4B-00C04F79EFBC}") = "DesignPatterns.BuilderPattern", "DesignPatterns.BuilderPattern\DesignPatterns.BuilderPattern.csproj", "{3EED5B0A-BAE6-4CC9-B93C-E7335AC8C232}"
EndProject
Project("{FAE04EC0-301F-11D3-BF4B-00C04F79EFBC}") = "DesignPatterns.DecoratorPattern", "DesignPatterns.DecoratorPattern\DesignPatterns.DecoratorPattern.csproj", "{1A421985-F33F-47A8-A1E6-2440E2B196E1}"
EndProject
Global
	GlobalSection(SolutionConfigurationPlatforms) = preSolution
		Debug|Any CPU = Debug|Any CPU
		Release|Any CPU = Release|Any CPU
	EndGlobalSection
	GlobalSection(ProjectConfigurationPlatforms) = postSolution
		{C9041705-587F-4704-B797-72B3CC89CA3C}.Debug|Any CPU.ActiveCfg = Debug|Any CPU
		{C9041705-587F-4704-B797-72B3CC89CA3C}.Debug|Any CPU.Build.0 = Debug|Any CPU
		{C9041705-587F-4704-B797-72B3CC89CA3C}.Release|Any CPU.ActiveCfg = Release|Any CPU
		{C9041705-587F-4704-B797-72B3CC89CA3C}.Release|Any CPU.Build.0 = Release|Any CPU
		{3EED5B0A-BAE6-4CC9-B93C-E7335AC8C232}.Debug|Any CPU.ActiveCfg = Debug|Any CPU
		{3EED5B0A-BAE6-4CC9-B93C-E7335AC8C232}.Debug|Any CPU.Build.0 = Debug|Any CPU
		{3EED5B0A-BAE6-4CC9-B93C-E7335AC8C232}.Release|Any CPU.ActiveCfg = Release|Any CPU
		{3EED5B0A-BAE6-4CC9-B93C-E7335AC8C232}.Release|Any CPU.Build.0 = Release|Any CPU
		{1A421985-F33F-47A8-A1E6-2440E2B196E1}.Debug|Any CPU.ActiveCfg = Debug|Any CPU
		{1A421985-F33F-47A8-A1E6-2440E2B196E1}.Debug|Any CPU.Build.0 = Debug|Any CPU
		{1A421985-F33F-47A8-A1E6-2440E2B196E1}.Release|Any CPU.ActiveCfg = Release|Any CPU
		{1A421985-F33F-47A8-A1E6-2440E2B196E1}.Release|Any CPU.Build.0 = Release|Any CPU
	EndGlobalSection
	GlobalSection(SolutionProperties) = preSolution
		HideSolutionNode = FALSE
	EndGlobalSection
	GlobalSection(ExtensibilityGlobals) = postSolution
		SolutionGuid = {15CD4DA0-E87B-4BC6-9E32-0EB22DC4C8AB}
	EndGlobalSection
EndGlobal
